
Microsoft Visual Studio Solution File, Format Version 12.00
# Visual Studio Version 17
VisualStudioVersion = 17.12.35527.113 d17.12
MinimumVisualStudioVersion = 10.0.40219.1
Project("{FAE04EC0-301F-11D3-BF4B-00C04F79EFBC}") = "GameOfLife.Api", "GameOfLife.Api\GameOfLife.Api.csproj", "{15D133BC-ECFC-4C0E-8846-122FB78E6FC7}"
EndProject
Project("{2150E333-8FDC-42A3-9474-1A3956D46DE8}") = "1 - Presentation", "1 - Presentation", "{4E475CD3-70BF-4AC4-987F-3273A161B343}"
EndProject
Project("{2150E333-8FDC-42A3-9474-1A3956D46DE8}") = "2 - Application", "2 - Application", "{4B4422B8-56EC-4898-9433-1D7C6E569A5F}"
EndProject
Project("{2150E333-8FDC-42A3-9474-1A3956D46DE8}") = "3 - Domain", "3 - Domain", "{982BDCB6-348F-48A3-A855-18A46444EDAC}"
EndProject
Project("{2150E333-8FDC-42A3-9474-1A3956D46DE8}") = "4 - Infra", "4 - Infra", "{721A16F7-F210-4879-B070-7153BAEDEBD7}"
EndProject
Project("{2150E333-8FDC-42A3-9474-1A3956D46DE8}") = "5 - Tests", "5 - Tests", "{FBC30F80-A989-4230-8C31-2C9629D50703}"
EndProject
Project("{FAE04EC0-301F-11D3-BF4B-00C04F79EFBC}") = "GameOfLife.Domain", "GameOfLife.Domain\GameOfLife.Domain.csproj", "{C7BEC488-6CE4-4F16-9BE1-C50EDF9379B0}"
EndProject
Project("{2150E333-8FDC-42A3-9474-1A3956D46DE8}") = "4.1 - Infra.Repository", "4.1 - Infra.Repository", "{FB8C9BEE-9E80-460B-811C-BA130E7621B4}"
EndProject
Project("{2150E333-8FDC-42A3-9474-1A3956D46DE8}") = "4.2 - Infra.CrossCutting", "4.2 - Infra.CrossCutting", "{548A8DE4-06D5-4918-AAD7-2B6DA42C34AD}"
EndProject
Project("{FAE04EC0-301F-11D3-BF4B-00C04F79EFBC}") = "GameOfLife.Repository", "GameOfLife.Repository\GameOfLife.Repository.csproj", "{77DE7599-CA1E-47FA-882F-749D0FD31871}"
EndProject
Project("{FAE04EC0-301F-11D3-BF4B-00C04F79EFBC}") = "GameOfLife.UnitTests", "GameOfLife.UnitTests\GameOfLife.UnitTests.csproj", "{8093C72E-4389-40DD-9157-B3DCD3D40247}"
EndProject
Project("{FAE04EC0-301F-11D3-BF4B-00C04F79EFBC}") = "GameOfLife.Application", "GameOfLife.Application\GameOfLife.Application.csproj", "{8039C456-AEC7-4CF1-8C93-37C38D116AA6}"
EndProject
Project("{FAE04EC0-301F-11D3-BF4B-00C04F79EFBC}") = "GameOfLife.Core", "GameOfLife.Core\GameOfLife.Core.csproj", "{39C3CFFF-58ED-4FAC-972F-B9D49798A876}"
EndProject
Project("{2150E333-8FDC-42A3-9474-1A3956D46DE8}") = "4.3 - Infra.Core", "4.3 - Infra.Core", "{B2258C2C-1F39-4AD1-99AF-5C536E4D5135}"
EndProject
Global
	GlobalSection(SolutionConfigurationPlatforms) = preSolution
		Debug|Any CPU = Debug|Any CPU
		Release|Any CPU = Release|Any CPU
	EndGlobalSection
	GlobalSection(ProjectConfigurationPlatforms) = postSolution
		{15D133BC-ECFC-4C0E-8846-122FB78E6FC7}.Debug|Any CPU.ActiveCfg = Debug|Any CPU
		{15D133BC-ECFC-4C0E-8846-122FB78E6FC7}.Debug|Any CPU.Build.0 = Debug|Any CPU
		{15D133BC-ECFC-4C0E-8846-122FB78E6FC7}.Release|Any CPU.ActiveCfg = Release|Any CPU
		{15D133BC-ECFC-4C0E-8846-122FB78E6FC7}.Release|Any CPU.Build.0 = Release|Any CPU
		{C7BEC488-6CE4-4F16-9BE1-C50EDF9379B0}.Debug|Any CPU.ActiveCfg = Debug|Any CPU
		{C7BEC488-6CE4-4F16-9BE1-C50EDF9379B0}.Debug|Any CPU.Build.0 = Debug|Any CPU
		{C7BEC488-6CE4-4F16-9BE1-C50EDF9379B0}.Release|Any CPU.ActiveCfg = Release|Any CPU
		{C7BEC488-6CE4-4F16-9BE1-C50EDF9379B0}.Release|Any CPU.Build.0 = Release|Any CPU
		{77DE7599-CA1E-47FA-882F-749D0FD31871}.Debug|Any CPU.ActiveCfg = Debug|Any CPU
		{77DE7599-CA1E-47FA-882F-749D0FD31871}.Debug|Any CPU.Build.0 = Debug|Any CPU
		{77DE7599-CA1E-47FA-882F-749D0FD31871}.Release|Any CPU.ActiveCfg = Release|Any CPU
		{77DE7599-CA1E-47FA-882F-749D0FD31871}.Release|Any CPU.Build.0 = Release|Any CPU
		{8093C72E-4389-40DD-9157-B3DCD3D40247}.Debug|Any CPU.ActiveCfg = Debug|Any CPU
		{8093C72E-4389-40DD-9157-B3DCD3D40247}.Debug|Any CPU.Build.0 = Debug|Any CPU
		{8093C72E-4389-40DD-9157-B3DCD3D40247}.Release|Any CPU.ActiveCfg = Release|Any CPU
		{8093C72E-4389-40DD-9157-B3DCD3D40247}.Release|Any CPU.Build.0 = Release|Any CPU
		{8039C456-AEC7-4CF1-8C93-37C38D116AA6}.Debug|Any CPU.ActiveCfg = Debug|Any CPU
		{8039C456-AEC7-4CF1-8C93-37C38D116AA6}.Debug|Any CPU.Build.0 = Debug|Any CPU
		{8039C456-AEC7-4CF1-8C93-37C38D116AA6}.Release|Any CPU.ActiveCfg = Release|Any CPU
		{8039C456-AEC7-4CF1-8C93-37C38D116AA6}.Release|Any CPU.Build.0 = Release|Any CPU
		{39C3CFFF-58ED-4FAC-972F-B9D49798A876}.Debug|Any CPU.ActiveCfg = Debug|Any CPU
		{39C3CFFF-58ED-4FAC-972F-B9D49798A876}.Debug|Any CPU.Build.0 = Debug|Any CPU
		{39C3CFFF-58ED-4FAC-972F-B9D49798A876}.Release|Any CPU.ActiveCfg = Release|Any CPU
		{39C3CFFF-58ED-4FAC-972F-B9D49798A876}.Release|Any CPU.Build.0 = Release|Any CPU
	EndGlobalSection
	GlobalSection(SolutionProperties) = preSolution
		HideSolutionNode = FALSE
	EndGlobalSection
	GlobalSection(NestedProjects) = preSolution
		{15D133BC-ECFC-4C0E-8846-122FB78E6FC7} = {4E475CD3-70BF-4AC4-987F-3273A161B343}
		{C7BEC488-6CE4-4F16-9BE1-C50EDF9379B0} = {982BDCB6-348F-48A3-A855-18A46444EDAC}
		{FB8C9BEE-9E80-460B-811C-BA130E7621B4} = {721A16F7-F210-4879-B070-7153BAEDEBD7}
		{548A8DE4-06D5-4918-AAD7-2B6DA42C34AD} = {721A16F7-F210-4879-B070-7153BAEDEBD7}
		{77DE7599-CA1E-47FA-882F-749D0FD31871} = {FB8C9BEE-9E80-460B-811C-BA130E7621B4}
		{8093C72E-4389-40DD-9157-B3DCD3D40247} = {FBC30F80-A989-4230-8C31-2C9629D50703}
		{8039C456-AEC7-4CF1-8C93-37C38D116AA6} = {4B4422B8-56EC-4898-9433-1D7C6E569A5F}
		{39C3CFFF-58ED-4FAC-972F-B9D49798A876} = {B2258C2C-1F39-4AD1-99AF-5C536E4D5135}
		{B2258C2C-1F39-4AD1-99AF-5C536E4D5135} = {721A16F7-F210-4879-B070-7153BAEDEBD7}
	EndGlobalSection
EndGlobal
